
Microsoft Visual Studio Solution File, Format Version 12.00
# Visual Studio Version 16
VisualStudioVersion = 16.0.33027.164
MinimumVisualStudioVersion = 10.0.40219.1
Project("{FAE04EC0-301F-11D3-BF4B-00C04F79EFBC}") = "eTicket", "eTicket\eTicket.csproj", "{F5BAA4F2-0DE0-4D93-94DC-75DC9D30371A}"
EndProject
Global
	GlobalSection(SolutionConfigurationPlatforms) = preSolution
		Debug|Any CPU = Debug|Any CPU
		Release|Any CPU = Release|Any CPU
	EndGlobalSection
	GlobalSection(ProjectConfigurationPlatforms) = postSolution
		{F5BAA4F2-0DE0-4D93-94DC-75DC9D30371A}.Debug|Any CPU.ActiveCfg = Debug|Any CPU
		{F5BAA4F2-0DE0-4D93-94DC-75DC9D30371A}.Debug|Any CPU.Build.0 = Debug|Any CPU
		{F5BAA4F2-0DE0-4D93-94DC-75DC9D30371A}.Release|Any CPU.ActiveCfg = Release|Any CPU
		{F5BAA4F2-0DE0-4D93-94DC-75DC9D30371A}.Release|Any CPU.Build.0 = Release|Any CPU
	EndGlobalSection
	GlobalSection(SolutionProperties) = preSolution
		HideSolutionNode = FALSE
	EndGlobalSection
	GlobalSection(ExtensibilityGlobals) = postSolution
		SolutionGuid = {2872CEA4-B27F-4A38-A1CC-82EAB97A68EB}
	EndGlobalSection
EndGlobal
